
Microsoft Visual Studio Solution File, Format Version 12.00
# Visual Studio Version 16
VisualStudioVersion = 16.0.30804.86
MinimumVisualStudioVersion = 10.0.40219.1
Project("{9A19103F-16F7-4668-BE54-9A1E7A4F7556}") = "InvoiceManager", "InvoiceManager\InvoiceManager.csproj", "{A5F349D5-CA75-479D-99D2-B7D6725BEB31}"
EndProject
Global
	GlobalSection(SolutionConfigurationPlatforms) = preSolution
		Debug|Any CPU = Debug|Any CPU
		Release|Any CPU = Release|Any CPU
	EndGlobalSection
	GlobalSection(ProjectConfigurationPlatforms) = postSolution
		{A5F349D5-CA75-479D-99D2-B7D6725BEB31}.Debug|Any CPU.ActiveCfg = Debug|Any CPU
		{A5F349D5-CA75-479D-99D2-B7D6725BEB31}.Debug|Any CPU.Build.0 = Debug|Any CPU
		{A5F349D5-CA75-479D-99D2-B7D6725BEB31}.Release|Any CPU.ActiveCfg = Release|Any CPU
		{A5F349D5-CA75-479D-99D2-B7D6725BEB31}.Release|Any CPU.Build.0 = Release|Any CPU
	EndGlobalSection
	GlobalSection(SolutionProperties) = preSolution
		HideSolutionNode = FALSE
	EndGlobalSection
	GlobalSection(ExtensibilityGlobals) = postSolution
		SolutionGuid = {E07DBC52-8DB6-4BC7-89EB-E4F2A0AF1619}
	EndGlobalSection
EndGlobal
